<?xml version="1.0" encoding="utf-8"?>
<Project ToolsVersion="4.0" xmlns="http://schemas.microsoft.com/developer/msbuild/2003">
  <ItemGroup>
    <Filter Include="소스 파일">
      <UniqueIdentifier>{4FC737F1-C7A5-4376-A066-2A32D752A2FF}</UniqueIdentifier>
      <Extensions>cpp;c;cc;cxx;def;odl;idl;hpj;bat;asm;asmx</Extensions>
    </Filter>
    <Filter Include="헤더 파일">
      <UniqueIdentifier>{93995380-89BD-4b04-88EB-625FBE52EBFB}</UniqueIdentifier>
      <Extensions>h;hpp;hxx;hm;inl;inc;xsd</Extensions>
    </Filter>
    <Filter Include="리소스 파일">
      <UniqueIdentifier>{67DA6AB6-F800-4c08-8B7A-83BB121AAD01}</UniqueIdentifier>
      <Extensions>rc;ico;cur;bmp;dlg;rc2;rct;bin;rgs;gif;jpg;jpeg;jpe;resx;tiff;tif;png;wav</Extensions>
    </Filter>
  </ItemGroup>
  <ItemGroup>
    <ClCompile Include="BigInteger.cpp">
      <Filter>소스 파일</Filter>
    </ClCompile>
    <ClCompile Include="main.cpp">
      <Filter>소스 파일</Filter>
    </ClCompile>
    <ClCompile Include="menu.cpp">
      <Filter>소스 파일</Filter>
    </ClCompile>
    <ClCompile Include="mysql_query.cpp">
      <Filter>소스 파일</Filter>
    </ClCompile>
    <ClCompile Include="Prime.cpp">
      <Filter>소스 파일</Filter>
    </ClCompile>
  </ItemGroup>
  <ItemGroup>
    <ClInclude Include="config-win.h">
      <Filter>소스 파일</Filter>
    </ClInclude>
    <ClInclude Include="errmsg.h">
      <Filter>소스 파일</Filter>
    </ClInclude>
    <ClInclude Include="m_ctype.h">
      <Filter>소스 파일</Filter>
    </ClInclude>
    <ClInclude Include="m_string.h">
      <Filter>소스 파일</Filter>
    </ClInclude>
    <ClInclude Include="my_alloc.h">
      <Filter>소스 파일</Filter>
    </ClInclude>
    <ClInclude Include="my_getopt.h">
      <Filter>소스 파일</Filter>
    </ClInclude>
    <ClInclude Include="my_global.h">
      <Filter>소스 파일</Filter>
    </ClInclude>
    <ClInclude Include="my_list.h">
      <Filter>소스 파일</Filter>
    </ClInclude>
    <ClInclude Include="my_pthread.h">
      <Filter>소스 파일</Filter>
    </ClInclude>
    <ClInclude Include="my_sys.h">
      <Filter>소스 파일</Filter>
    </ClInclude>
    <ClInclude Include="mysql_com.h">
      <Filter>소스 파일</Filter>
    </ClInclude>
    <ClInclude Include="mysql_version.h">
      <Filter>소스 파일</Filter>
    </ClInclude>
    <ClInclude Include="mysqld_error.h">
      <Filter>소스 파일</Filter>
    </ClInclude>
    <ClInclude Include="BigInteger.h">
      <Filter>헤더 파일</Filter>
    </ClInclude>
    <ClInclude Include="menu.h">
      <Filter>헤더 파일</Filter>
    </ClInclude>
    <ClInclude Include="..\..\..\Program_Source_backup\Algorithm\Prime\Prime\mysql.h">
      <Filter>헤더 파일</Filter>
    </ClInclude>
    <ClInclude Include="mysql_query.h">
      <Filter>헤더 파일</Filter>
    </ClInclude>
    <ClInclude Include="Prime.h">
      <Filter>헤더 파일</Filter>
    </ClInclude>
    <ClInclude Include="typelib.h">
      <Filter>헤더 파일</Filter>
    </ClInclude>
  </ItemGroup>
</Project>